
Microsoft Visual Studio Solution File, Format Version 12.00
# Visual Studio Version 17
VisualStudioVersion = 17.0.31903.59
MinimumVisualStudioVersion = 10.0.40219.1
Project("{FAE04EC0-301F-11D3-BF4B-00C04F79EFBC}") = "PaymentGateway.Api", "src\PaymentGateway.Api\PaymentGateway.Api.csproj", "{A1B2C3D4-0001-0001-0001-000000000001}"
EndProject
Project("{FAE04EC0-301F-11D3-BF4B-00C04F79EFBC}") = "PaymentGateway.Application", "src\PaymentGateway.Application\PaymentGateway.Application.csproj", "{A1B2C3D4-0001-0001-0001-000000000002}"
EndProject
Project("{FAE04EC0-301F-11D3-BF4B-00C04F79EFBC}") = "PaymentGateway.Domain", "src\PaymentGateway.Domain\PaymentGateway.Domain.csproj", "{A1B2C3D4-0001-0001-0001-000000000003}"
EndProject
Project("{FAE04EC0-301F-11D3-BF4B-00C04F79EFBC}") = "PaymentGateway.Infrastructure", "src\PaymentGateway.Infrastructure\PaymentGateway.Infrastructure.csproj", "{A1B2C3D4-0001-0001-0001-000000000004}"
EndProject
Project("{FAE04EC0-301F-11D3-BF4B-00C04F79EFBC}") = "PaymentGateway.Shared", "src\PaymentGateway.Shared\PaymentGateway.Shared.csproj", "{A1B2C3D4-0001-0001-0001-000000000005}"
EndProject
Project("{FAE04EC0-301F-11D3-BF4B-00C04F79EFBC}") = "PaymentGateway.Domain.Tests", "tests\PaymentGateway.Domain.Tests\PaymentGateway.Domain.Tests.csproj", "{A1B2C3D4-0001-0001-0002-000000000001}"
EndProject
Project("{2150E333-8FDC-42A3-9474-1A3956D46DE8}") = "src", "src", "{B1C2D3E4-0001-0001-0001-000000000001}"
EndProject
Project("{2150E333-8FDC-42A3-9474-1A3956D46DE8}") = "tests", "tests", "{B1C2D3E4-0001-0001-0002-000000000001}"
EndProject
Global
	GlobalSection(SolutionConfigurationPlatforms) = preSolution
		Debug|Any CPU = Debug|Any CPU
		Release|Any CPU = Release|Any CPU
	EndGlobalSection
	GlobalSection(ProjectConfigurationPlatforms) = postSolution
		{A1B2C3D4-0001-0001-0001-000000000001}.Debug|Any CPU.ActiveCfg = Debug|Any CPU
		{A1B2C3D4-0001-0001-0001-000000000001}.Debug|Any CPU.Build.0 = Debug|Any CPU
		{A1B2C3D4-0001-0001-0001-000000000001}.Release|Any CPU.ActiveCfg = Release|Any CPU
		{A1B2C3D4-0001-0001-0001-000000000001}.Release|Any CPU.Build.0 = Release|Any CPU
		{A1B2C3D4-0001-0001-0001-000000000002}.Debug|Any CPU.ActiveCfg = Debug|Any CPU
		{A1B2C3D4-0001-0001-0001-000000000002}.Debug|Any CPU.Build.0 = Debug|Any CPU
		{A1B2C3D4-0001-0001-0001-000000000002}.Release|Any CPU.ActiveCfg = Release|Any CPU
		{A1B2C3D4-0001-0001-0001-000000000002}.Release|Any CPU.Build.0 = Release|Any CPU
		{A1B2C3D4-0001-0001-0001-000000000003}.Debug|Any CPU.ActiveCfg = Debug|Any CPU
		{A1B2C3D4-0001-0001-0001-000000000003}.Debug|Any CPU.Build.0 = Debug|Any CPU
		{A1B2C3D4-0001-0001-0001-000000000003}.Release|Any CPU.ActiveCfg = Release|Any CPU
		{A1B2C3D4-0001-0001-0001-000000000003}.Release|Any CPU.Build.0 = Release|Any CPU
		{A1B2C3D4-0001-0001-0001-000000000004}.Debug|Any CPU.ActiveCfg = Debug|Any CPU
		{A1B2C3D4-0001-0001-0001-000000000004}.Debug|Any CPU.Build.0 = Debug|Any CPU
		{A1B2C3D4-0001-0001-0001-000000000004}.Release|Any CPU.ActiveCfg = Release|Any CPU
		{A1B2C3D4-0001-0001-0001-000000000004}.Release|Any CPU.Build.0 = Release|Any CPU
		{A1B2C3D4-0001-0001-0001-000000000005}.Debug|Any CPU.ActiveCfg = Debug|Any CPU
		{A1B2C3D4-0001-0001-0001-000000000005}.Debug|Any CPU.Build.0 = Debug|Any CPU
		{A1B2C3D4-0001-0001-0001-000000000005}.Release|Any CPU.ActiveCfg = Release|Any CPU
		{A1B2C3D4-0001-0001-0001-000000000005}.Release|Any CPU.Build.0 = Release|Any CPU
		{A1B2C3D4-0001-0001-0002-000000000001}.Debug|Any CPU.ActiveCfg = Debug|Any CPU
		{A1B2C3D4-0001-0001-0002-000000000001}.Debug|Any CPU.Build.0 = Debug|Any CPU
		{A1B2C3D4-0001-0001-0002-000000000001}.Release|Any CPU.ActiveCfg = Release|Any CPU
		{A1B2C3D4-0001-0001-0002-000000000001}.Release|Any CPU.Build.0 = Release|Any CPU
	EndGlobalSection
	GlobalSection(SolutionProperties) = preSolution
		HideSolutionNode = FALSE
	EndGlobalSection
	GlobalSection(NestedProjects) = preSolution
		{A1B2C3D4-0001-0001-0001-000000000001} = {B1C2D3E4-0001-0001-0001-000000000001}
		{A1B2C3D4-0001-0001-0001-000000000002} = {B1C2D3E4-0001-0001-0001-000000000001}
		{A1B2C3D4-0001-0001-0001-000000000003} = {B1C2D3E4-0001-0001-0001-000000000001}
		{A1B2C3D4-0001-0001-0001-000000000004} = {B1C2D3E4-0001-0001-0001-000000000001}
		{A1B2C3D4-0001-0001-0001-000000000005} = {B1C2D3E4-0001-0001-0001-000000000001}
		{A1B2C3D4-0001-0001-0002-000000000001} = {B1C2D3E4-0001-0001-0002-000000000001}
	EndGlobalSection
	GlobalSection(ExtensibilityGlobals) = postSolution
		SolutionGuid = {E1F2A3B4-C5D6-7890-ABCD-EF1234567890}
	EndGlobalSection
EndGlobal
